
Microsoft Visual Studio Solution File, Format Version 12.00
# Visual Studio 14
VisualStudioVersion = 14.0.25420.1
MinimumVisualStudioVersion = 10.0.40219.1
Project("{FAE04EC0-301F-11D3-BF4B-00C04F79EFBC}") = "myjquerypractice", "myjquerypractice\myjquerypractice.csproj", "{CBA693B3-FDF3-45AB-870A-FAFAF0A21ED5}"
EndProject
Project("{FAE04EC0-301F-11D3-BF4B-00C04F79EFBC}") = "DAL", "DAL\DAL.csproj", "{246413D0-3618-4754-9C2C-F7AC4004E7B5}"
EndProject
Global
	GlobalSection(SolutionConfigurationPlatforms) = preSolution
		Debug|Any CPU = Debug|Any CPU
		Release|Any CPU = Release|Any CPU
	EndGlobalSection
	GlobalSection(ProjectConfigurationPlatforms) = postSolution
		{CBA693B3-FDF3-45AB-870A-FAFAF0A21ED5}.Debug|Any CPU.ActiveCfg = Debug|Any CPU
		{CBA693B3-FDF3-45AB-870A-FAFAF0A21ED5}.Debug|Any CPU.Build.0 = Debug|Any CPU
		{CBA693B3-FDF3-45AB-870A-FAFAF0A21ED5}.Release|Any CPU.ActiveCfg = Release|Any CPU
		{CBA693B3-FDF3-45AB-870A-FAFAF0A21ED5}.Release|Any CPU.Build.0 = Release|Any CPU
		{246413D0-3618-4754-9C2C-F7AC4004E7B5}.Debug|Any CPU.ActiveCfg = Debug|Any CPU
		{246413D0-3618-4754-9C2C-F7AC4004E7B5}.Debug|Any CPU.Build.0 = Debug|Any CPU
		{246413D0-3618-4754-9C2C-F7AC4004E7B5}.Release|Any CPU.ActiveCfg = Release|Any CPU
		{246413D0-3618-4754-9C2C-F7AC4004E7B5}.Release|Any CPU.Build.0 = Release|Any CPU
	EndGlobalSection
	GlobalSection(SolutionProperties) = preSolution
		HideSolutionNode = FALSE
	EndGlobalSection
EndGlobal
